
Microsoft Visual Studio Solution File, Format Version 12.00
# Visual Studio 15
VisualStudioVersion = 15.0.27130.2024
MinimumVisualStudioVersion = 10.0.40219.1
Project("{FAE04EC0-301F-11D3-BF4B-00C04F79EFBC}") = "WpfApp1", "WpfApp1\WpfApp1.csproj", "{DA82992E-2A38-4811-9E43-B35995A3830F}"
EndProject
Global
	GlobalSection(SolutionConfigurationPlatforms) = preSolution
		Debug|Any CPU = Debug|Any CPU
		Release|Any CPU = Release|Any CPU
	EndGlobalSection
	GlobalSection(ProjectConfigurationPlatforms) = postSolution
		{DA82992E-2A38-4811-9E43-B35995A3830F}.Debug|Any CPU.ActiveCfg = Debug|Any CPU
		{DA82992E-2A38-4811-9E43-B35995A3830F}.Debug|Any CPU.Build.0 = Debug|Any CPU
		{DA82992E-2A38-4811-9E43-B35995A3830F}.Release|Any CPU.ActiveCfg = Release|Any CPU
		{DA82992E-2A38-4811-9E43-B35995A3830F}.Release|Any CPU.Build.0 = Release|Any CPU
	EndGlobalSection
	GlobalSection(SolutionProperties) = preSolution
		HideSolutionNode = FALSE
	EndGlobalSection
	GlobalSection(ExtensibilityGlobals) = postSolution
		SolutionGuid = {43D27791-7027-4CFC-A8B5-03202C455A4D}
	EndGlobalSection
EndGlobal
